{
  "name": "markdown-emoji",
  "version": "0.0.9",
  "lockfileVersion": 2,
  "requires": true,
  "packages": {
    "": {
      "name": "markdown-emoji",
      "version": "0.0.9",
      "license": "MIT",
      "dependencies": {
        "markdown-it-emoji": "^2.0.0"
      },
      "devDependencies": {
        "@types/vscode": "^1.33.0"
      },
      "engines": {
        "vscode": "^1.15.0"
      }
    },
    "node_modules/@types/vscode": {
      "version": "1.53.0",
      "resolved": "https://registry.npmjs.org/@types/vscode/-/vscode-1.53.0.tgz",
      "integrity": "sha512-XjFWbSPOM0EKIT2XhhYm3D3cx3nn3lshMUcWNy1eqefk+oqRuBq8unVb6BYIZqXy9lQZyeUl7eaBCOZWv+LcXQ==",
      "dev": true
    },
    "node_modules/markdown-it-emoji": {
      "version": "2.0.0",
      "resolved": "https://registry.npmjs.org/markdown-it-emoji/-/markdown-it-emoji-2.0.0.tgz",
      "integrity": "sha512-39j7/9vP/CPCKbEI44oV8yoPJTpvfeReTn/COgRhSpNrjWF3PfP/JUxxB0hxV6ynOY8KH8Y8aX9NMDdo6z+6YQ=="
    }
  },
  "dependencies": {
    "@types/vscode": {
      "version": "1.53.0",
      "resolved": "https://registry.npmjs.org/@types/vscode/-/vscode-1.53.0.tgz",
      "integrity": "sha512-XjFWbSPOM0EKIT2XhhYm3D3cx3nn3lshMUcWNy1eqefk+oqRuBq8unVb6BYIZqXy9lQZyeUl7eaBCOZWv+LcXQ==",
      "dev": true
    },
    "markdown-it-emoji": {
      "version": "2.0.0",
      "resolved": "https://registry.npmjs.org/markdown-it-emoji/-/markdown-it-emoji-2.0.0.tgz",
      "integrity": "sha512-39j7/9vP/CPCKbEI44oV8yoPJTpvfeReTn/COgRhSpNrjWF3PfP/JUxxB0hxV6ynOY8KH8Y8aX9NMDdo6z+6YQ=="
    }
  }
}
