{
  "name": "markdown-emoji",
  "version": "0.0.7",
  "lockfileVersion": 1,
  "requires": true,
  "dependencies": {
    "@types/vscode": {
      "version": "1.33.0",
      "resolved": "https://registry.npmjs.org/@types/vscode/-/vscode-1.33.0.tgz",
      "integrity": "sha512-JSmGiValbrcG5g20jjCfKakLiuWyrcjVezj+SEAEZ4klXQktE5EtowuGlkLVqbkiBK4iY5wy/4yW8OjecuHnjQ==",
      "dev": true
    },
    "markdown-it-emoji": {
      "version": "1.4.0",
      "resolved": "https://registry.npmjs.org/markdown-it-emoji/-/markdown-it-emoji-1.4.0.tgz",
      "integrity": "sha1-m+4OmpkKljupbfaYDE/dsF37Tcw="
    }
  }
}
